
Microsoft Visual Studio Solution File, Format Version 12.00
# Visual Studio Version 17
VisualStudioVersion = 17.7.34031.279
MinimumVisualStudioVersion = 10.0.40219.1
Project("{2150E333-8FDC-42A3-9474-1A3956D46DE8}") = "Solution Items", "Solution Items", "{96422486-DFF5-4114-91AE-51C00E79B18A}"
	ProjectSection(SolutionItems) = preProject
		.gitignore = .gitignore
		LICENSE = LICENSE
		README.md = README.md
		TODO.txt = TODO.txt
	EndProjectSection
EndProject
Project("{2150E333-8FDC-42A3-9474-1A3956D46DE8}") = "0-Development", "0-Development", "{41E47AF2-1CA9-4664-A60A-8B5DFED49827}"
EndProject
Project("{9A19103F-16F7-4668-BE54-9A1E7A4F7556}") = "Runner", "0-Development\Runner\Runner.csproj", "{95311360-8B9C-41B7-8C00-8821FDCC82C4}"
EndProject
Project("{2150E333-8FDC-42A3-9474-1A3956D46DE8}") = "0-Experimental", "0-Experimental", "{4D927041-B1E8-44A9-91AC-5DDC967E15F2}"
EndProject
Project("{2150E333-8FDC-42A3-9474-1A3956D46DE8}") = "1-Yotei.Tools", "1-Yotei.Tools", "{F89B0511-181A-4DA8-83F8-0C26673BF845}"
EndProject
Project("{2150E333-8FDC-42A3-9474-1A3956D46DE8}") = "1-Yotei.Tools.Generators", "1-Yotei.Tools.Generators", "{E533222D-3422-4516-BF0A-EAD81C7F965F}"
EndProject
Project("{2150E333-8FDC-42A3-9474-1A3956D46DE8}") = "1-Yotei.Tools.LambdaParser", "1-Yotei.Tools.LambdaParser", "{63277E6C-9269-4AB9-8CDA-38530E028970}"
EndProject
Project("{2150E333-8FDC-42A3-9474-1A3956D46DE8}") = "2-Yotei.ORM", "2-Yotei.ORM", "{D3957750-B024-4EBC-96AC-D03766355C15}"
EndProject
Project("{2150E333-8FDC-42A3-9474-1A3956D46DE8}") = "3-Yotei.ORM.Relational", "3-Yotei.ORM.Relational", "{998DD189-8282-4CCA-96A3-48202F901BB9}"
EndProject
Project("{9A19103F-16F7-4668-BE54-9A1E7A4F7556}") = "Yotei.Tools", "1-Yotei.Tools\Yotei.Tools\Yotei.Tools.csproj", "{A9B93CD0-3B7D-4667-8D20-97EE40144BAD}"
EndProject
Project("{9A19103F-16F7-4668-BE54-9A1E7A4F7556}") = "Yotei.Tools.Tests", "1-Yotei.Tools\Yotei.Tools.Tests\Yotei.Tools.Tests.csproj", "{56F9A11F-1E1F-424D-9FB1-EE4407A87C26}"
EndProject
Project("{9A19103F-16F7-4668-BE54-9A1E7A4F7556}") = "Experiments", "0-Experimental\Experiments\Experiments.csproj", "{1343AFD4-0222-4C4B-A34C-68240629436C}"
EndProject
Project("{2150E333-8FDC-42A3-9474-1A3956D46DE8}") = "Generators", "Generators", "{C722C9CD-E6DC-42BC-96E3-E17FF635E592}"
EndProject
Project("{2150E333-8FDC-42A3-9474-1A3956D46DE8}") = "Helpers", "Helpers", "{4147DB08-C796-4A7A-A29A-E8A9D5AC9221}"
EndProject
Project("{9A19103F-16F7-4668-BE54-9A1E7A4F7556}") = "Yotei.Tools.LambdaParser", "1-Yotei.Tools.LambdaParser\Yotei.Tools.LambdaParser\Yotei.Tools.LambdaParser.csproj", "{355D6761-D6CB-4E72-9DBC-34AD4D600CF2}"
EndProject
Project("{9A19103F-16F7-4668-BE54-9A1E7A4F7556}") = "Yotei.Tools.LambdaParser.Tests", "1-Yotei.Tools.LambdaParser\Yotei.Tools.LambdaParser.Tests\Yotei.Tools.LambdaParser.Tests.csproj", "{1C048A62-A0CC-460C-8524-725FB21C8A95}"
EndProject
Project("{9A19103F-16F7-4668-BE54-9A1E7A4F7556}") = "Yotei.ORM", "2-Yotei.ORM\Yotei.ORM\Yotei.ORM.csproj", "{D88A7E8A-600F-45BC-A30C-D37B4BA18CC6}"
EndProject
Project("{9A19103F-16F7-4668-BE54-9A1E7A4F7556}") = "Yotei.ORM.Tests", "2-Yotei.ORM\Yotei.ORM.Tests\Yotei.ORM.Tests.csproj", "{9437CBD5-8F42-4162-A19D-DD2C6C062DB6}"
EndProject
Project("{9A19103F-16F7-4668-BE54-9A1E7A4F7556}") = "Yotei.ORM.Relational", "3-Yotei.ORM.Relational\Yotei.ORM.Relational\Yotei.ORM.Relational.csproj", "{1F56C65E-519F-4642-A3FE-4F9B62D0A388}"
EndProject
Project("{9A19103F-16F7-4668-BE54-9A1E7A4F7556}") = "Yotei.ORM.Relational.FakeDB", "3-Yotei.ORM.Relational\Yotei.ORM.Relational.FakeDB\Yotei.ORM.Relational.FakeDB.csproj", "{B951CD95-1452-47F4-9FDF-27DC4C802887}"
EndProject
Project("{9A19103F-16F7-4668-BE54-9A1E7A4F7556}") = "Yotei.ORM.Relational.Tests", "3-Yotei.ORM.Relational\Yotei.ORM.Relational.Tests\Yotei.ORM.Relational.Tests.csproj", "{2D0E6026-4D34-4678-A493-DA8021F382D9}"
EndProject
Project("{9A19103F-16F7-4668-BE54-9A1E7A4F7556}") = "Yotei.Tools.WithGenerator", "1-Yotei.Tools.Generators\Yotei.Tools.WithGenerator\Yotei.Tools.WithGenerator.csproj", "{5DE5C263-3853-41F8-872D-22C274E3069A}"
EndProject
Project("{FAE04EC0-301F-11D3-BF4B-00C04F79EFBC}") = "Yotei.Tools.Generators.Tests", "1-Yotei.Tools.Generators\Yotei.Tools.Generators.Tests\Yotei.Tools.Generators.Tests.csproj", "{AB1B8E7A-EEB0-4896-A644-9B89FD50A494}"
EndProject
Global
	GlobalSection(SolutionConfigurationPlatforms) = preSolution
		Debug|Any CPU = Debug|Any CPU
		Local|Any CPU = Local|Any CPU
		Release|Any CPU = Release|Any CPU
	EndGlobalSection
	GlobalSection(ProjectConfigurationPlatforms) = postSolution
		{95311360-8B9C-41B7-8C00-8821FDCC82C4}.Debug|Any CPU.ActiveCfg = Debug|Any CPU
		{95311360-8B9C-41B7-8C00-8821FDCC82C4}.Debug|Any CPU.Build.0 = Debug|Any CPU
		{95311360-8B9C-41B7-8C00-8821FDCC82C4}.Local|Any CPU.ActiveCfg = Local|Any CPU
		{95311360-8B9C-41B7-8C00-8821FDCC82C4}.Local|Any CPU.Build.0 = Local|Any CPU
		{95311360-8B9C-41B7-8C00-8821FDCC82C4}.Release|Any CPU.ActiveCfg = Release|Any CPU
		{95311360-8B9C-41B7-8C00-8821FDCC82C4}.Release|Any CPU.Build.0 = Release|Any CPU
		{A9B93CD0-3B7D-4667-8D20-97EE40144BAD}.Debug|Any CPU.ActiveCfg = Debug|Any CPU
		{A9B93CD0-3B7D-4667-8D20-97EE40144BAD}.Debug|Any CPU.Build.0 = Debug|Any CPU
		{A9B93CD0-3B7D-4667-8D20-97EE40144BAD}.Local|Any CPU.ActiveCfg = Local|Any CPU
		{A9B93CD0-3B7D-4667-8D20-97EE40144BAD}.Local|Any CPU.Build.0 = Local|Any CPU
		{A9B93CD0-3B7D-4667-8D20-97EE40144BAD}.Release|Any CPU.ActiveCfg = Release|Any CPU
		{A9B93CD0-3B7D-4667-8D20-97EE40144BAD}.Release|Any CPU.Build.0 = Release|Any CPU
		{56F9A11F-1E1F-424D-9FB1-EE4407A87C26}.Debug|Any CPU.ActiveCfg = Debug|Any CPU
		{56F9A11F-1E1F-424D-9FB1-EE4407A87C26}.Debug|Any CPU.Build.0 = Debug|Any CPU
		{56F9A11F-1E1F-424D-9FB1-EE4407A87C26}.Local|Any CPU.ActiveCfg = Local|Any CPU
		{56F9A11F-1E1F-424D-9FB1-EE4407A87C26}.Local|Any CPU.Build.0 = Local|Any CPU
		{56F9A11F-1E1F-424D-9FB1-EE4407A87C26}.Release|Any CPU.ActiveCfg = Release|Any CPU
		{56F9A11F-1E1F-424D-9FB1-EE4407A87C26}.Release|Any CPU.Build.0 = Release|Any CPU
		{1343AFD4-0222-4C4B-A34C-68240629436C}.Debug|Any CPU.ActiveCfg = Debug|Any CPU
		{1343AFD4-0222-4C4B-A34C-68240629436C}.Debug|Any CPU.Build.0 = Debug|Any CPU
		{1343AFD4-0222-4C4B-A34C-68240629436C}.Local|Any CPU.ActiveCfg = Local|Any CPU
		{1343AFD4-0222-4C4B-A34C-68240629436C}.Local|Any CPU.Build.0 = Local|Any CPU
		{1343AFD4-0222-4C4B-A34C-68240629436C}.Release|Any CPU.ActiveCfg = Release|Any CPU
		{1343AFD4-0222-4C4B-A34C-68240629436C}.Release|Any CPU.Build.0 = Release|Any CPU
		{355D6761-D6CB-4E72-9DBC-34AD4D600CF2}.Debug|Any CPU.ActiveCfg = Debug|Any CPU
		{355D6761-D6CB-4E72-9DBC-34AD4D600CF2}.Debug|Any CPU.Build.0 = Debug|Any CPU
		{355D6761-D6CB-4E72-9DBC-34AD4D600CF2}.Local|Any CPU.ActiveCfg = Local|Any CPU
		{355D6761-D6CB-4E72-9DBC-34AD4D600CF2}.Local|Any CPU.Build.0 = Local|Any CPU
		{355D6761-D6CB-4E72-9DBC-34AD4D600CF2}.Release|Any CPU.ActiveCfg = Release|Any CPU
		{355D6761-D6CB-4E72-9DBC-34AD4D600CF2}.Release|Any CPU.Build.0 = Release|Any CPU
		{1C048A62-A0CC-460C-8524-725FB21C8A95}.Debug|Any CPU.ActiveCfg = Debug|Any CPU
		{1C048A62-A0CC-460C-8524-725FB21C8A95}.Debug|Any CPU.Build.0 = Debug|Any CPU
		{1C048A62-A0CC-460C-8524-725FB21C8A95}.Local|Any CPU.ActiveCfg = Debug|Any CPU
		{1C048A62-A0CC-460C-8524-725FB21C8A95}.Local|Any CPU.Build.0 = Debug|Any CPU
		{1C048A62-A0CC-460C-8524-725FB21C8A95}.Release|Any CPU.ActiveCfg = Release|Any CPU
		{1C048A62-A0CC-460C-8524-725FB21C8A95}.Release|Any CPU.Build.0 = Release|Any CPU
		{D88A7E8A-600F-45BC-A30C-D37B4BA18CC6}.Debug|Any CPU.ActiveCfg = Debug|Any CPU
		{D88A7E8A-600F-45BC-A30C-D37B4BA18CC6}.Debug|Any CPU.Build.0 = Debug|Any CPU
		{D88A7E8A-600F-45BC-A30C-D37B4BA18CC6}.Local|Any CPU.ActiveCfg = Debug|Any CPU
		{D88A7E8A-600F-45BC-A30C-D37B4BA18CC6}.Local|Any CPU.Build.0 = Debug|Any CPU
		{D88A7E8A-600F-45BC-A30C-D37B4BA18CC6}.Release|Any CPU.ActiveCfg = Release|Any CPU
		{D88A7E8A-600F-45BC-A30C-D37B4BA18CC6}.Release|Any CPU.Build.0 = Release|Any CPU
		{9437CBD5-8F42-4162-A19D-DD2C6C062DB6}.Debug|Any CPU.ActiveCfg = Debug|Any CPU
		{9437CBD5-8F42-4162-A19D-DD2C6C062DB6}.Debug|Any CPU.Build.0 = Debug|Any CPU
		{9437CBD5-8F42-4162-A19D-DD2C6C062DB6}.Local|Any CPU.ActiveCfg = Debug|Any CPU
		{9437CBD5-8F42-4162-A19D-DD2C6C062DB6}.Local|Any CPU.Build.0 = Debug|Any CPU
		{9437CBD5-8F42-4162-A19D-DD2C6C062DB6}.Release|Any CPU.ActiveCfg = Release|Any CPU
		{9437CBD5-8F42-4162-A19D-DD2C6C062DB6}.Release|Any CPU.Build.0 = Release|Any CPU
		{1F56C65E-519F-4642-A3FE-4F9B62D0A388}.Debug|Any CPU.ActiveCfg = Debug|Any CPU
		{1F56C65E-519F-4642-A3FE-4F9B62D0A388}.Debug|Any CPU.Build.0 = Debug|Any CPU
		{1F56C65E-519F-4642-A3FE-4F9B62D0A388}.Local|Any CPU.ActiveCfg = Debug|Any CPU
		{1F56C65E-519F-4642-A3FE-4F9B62D0A388}.Local|Any CPU.Build.0 = Debug|Any CPU
		{1F56C65E-519F-4642-A3FE-4F9B62D0A388}.Release|Any CPU.ActiveCfg = Release|Any CPU
		{1F56C65E-519F-4642-A3FE-4F9B62D0A388}.Release|Any CPU.Build.0 = Release|Any CPU
		{B951CD95-1452-47F4-9FDF-27DC4C802887}.Debug|Any CPU.ActiveCfg = Debug|Any CPU
		{B951CD95-1452-47F4-9FDF-27DC4C802887}.Debug|Any CPU.Build.0 = Debug|Any CPU
		{B951CD95-1452-47F4-9FDF-27DC4C802887}.Local|Any CPU.ActiveCfg = Debug|Any CPU
		{B951CD95-1452-47F4-9FDF-27DC4C802887}.Local|Any CPU.Build.0 = Debug|Any CPU
		{B951CD95-1452-47F4-9FDF-27DC4C802887}.Release|Any CPU.ActiveCfg = Release|Any CPU
		{B951CD95-1452-47F4-9FDF-27DC4C802887}.Release|Any CPU.Build.0 = Release|Any CPU
		{2D0E6026-4D34-4678-A493-DA8021F382D9}.Debug|Any CPU.ActiveCfg = Debug|Any CPU
		{2D0E6026-4D34-4678-A493-DA8021F382D9}.Debug|Any CPU.Build.0 = Debug|Any CPU
		{2D0E6026-4D34-4678-A493-DA8021F382D9}.Local|Any CPU.ActiveCfg = Debug|Any CPU
		{2D0E6026-4D34-4678-A493-DA8021F382D9}.Local|Any CPU.Build.0 = Debug|Any CPU
		{2D0E6026-4D34-4678-A493-DA8021F382D9}.Release|Any CPU.ActiveCfg = Release|Any CPU
		{2D0E6026-4D34-4678-A493-DA8021F382D9}.Release|Any CPU.Build.0 = Release|Any CPU
		{5DE5C263-3853-41F8-872D-22C274E3069A}.Debug|Any CPU.ActiveCfg = Debug|Any CPU
		{5DE5C263-3853-41F8-872D-22C274E3069A}.Debug|Any CPU.Build.0 = Debug|Any CPU
		{5DE5C263-3853-41F8-872D-22C274E3069A}.Local|Any CPU.ActiveCfg = Debug|Any CPU
		{5DE5C263-3853-41F8-872D-22C274E3069A}.Local|Any CPU.Build.0 = Debug|Any CPU
		{5DE5C263-3853-41F8-872D-22C274E3069A}.Release|Any CPU.ActiveCfg = Release|Any CPU
		{5DE5C263-3853-41F8-872D-22C274E3069A}.Release|Any CPU.Build.0 = Release|Any CPU
		{AB1B8E7A-EEB0-4896-A644-9B89FD50A494}.Debug|Any CPU.ActiveCfg = Debug|Any CPU
		{AB1B8E7A-EEB0-4896-A644-9B89FD50A494}.Debug|Any CPU.Build.0 = Debug|Any CPU
		{AB1B8E7A-EEB0-4896-A644-9B89FD50A494}.Local|Any CPU.ActiveCfg = Debug|Any CPU
		{AB1B8E7A-EEB0-4896-A644-9B89FD50A494}.Local|Any CPU.Build.0 = Debug|Any CPU
		{AB1B8E7A-EEB0-4896-A644-9B89FD50A494}.Release|Any CPU.ActiveCfg = Release|Any CPU
		{AB1B8E7A-EEB0-4896-A644-9B89FD50A494}.Release|Any CPU.Build.0 = Release|Any CPU
	EndGlobalSection
	GlobalSection(SolutionProperties) = preSolution
		HideSolutionNode = FALSE
	EndGlobalSection
	GlobalSection(NestedProjects) = preSolution
		{95311360-8B9C-41B7-8C00-8821FDCC82C4} = {41E47AF2-1CA9-4664-A60A-8B5DFED49827}
		{A9B93CD0-3B7D-4667-8D20-97EE40144BAD} = {F89B0511-181A-4DA8-83F8-0C26673BF845}
		{56F9A11F-1E1F-424D-9FB1-EE4407A87C26} = {F89B0511-181A-4DA8-83F8-0C26673BF845}
		{1343AFD4-0222-4C4B-A34C-68240629436C} = {4D927041-B1E8-44A9-91AC-5DDC967E15F2}
		{C722C9CD-E6DC-42BC-96E3-E17FF635E592} = {E533222D-3422-4516-BF0A-EAD81C7F965F}
		{4147DB08-C796-4A7A-A29A-E8A9D5AC9221} = {E533222D-3422-4516-BF0A-EAD81C7F965F}
		{355D6761-D6CB-4E72-9DBC-34AD4D600CF2} = {63277E6C-9269-4AB9-8CDA-38530E028970}
		{1C048A62-A0CC-460C-8524-725FB21C8A95} = {63277E6C-9269-4AB9-8CDA-38530E028970}
		{D88A7E8A-600F-45BC-A30C-D37B4BA18CC6} = {D3957750-B024-4EBC-96AC-D03766355C15}
		{9437CBD5-8F42-4162-A19D-DD2C6C062DB6} = {D3957750-B024-4EBC-96AC-D03766355C15}
		{1F56C65E-519F-4642-A3FE-4F9B62D0A388} = {998DD189-8282-4CCA-96A3-48202F901BB9}
		{B951CD95-1452-47F4-9FDF-27DC4C802887} = {998DD189-8282-4CCA-96A3-48202F901BB9}
		{2D0E6026-4D34-4678-A493-DA8021F382D9} = {998DD189-8282-4CCA-96A3-48202F901BB9}
		{5DE5C263-3853-41F8-872D-22C274E3069A} = {C722C9CD-E6DC-42BC-96E3-E17FF635E592}
		{AB1B8E7A-EEB0-4896-A644-9B89FD50A494} = {4147DB08-C796-4A7A-A29A-E8A9D5AC9221}
	EndGlobalSection
	GlobalSection(ExtensibilityGlobals) = postSolution
		SolutionGuid = {0821CEE0-4168-45F2-B34E-41BD1B7B942E}
	EndGlobalSection
EndGlobal
