
Microsoft Visual Studio Solution File, Format Version 12.00
# Visual Studio Version 17
VisualStudioVersion = 17.7.34031.279
MinimumVisualStudioVersion = 10.0.40219.1
Project("{2150E333-8FDC-42A3-9474-1A3956D46DE8}") = "Solution Items", "Solution Items", "{96422486-DFF5-4114-91AE-51C00E79B18A}"
	ProjectSection(SolutionItems) = preProject
		.gitignore = .gitignore
		LICENSE = LICENSE
		README.md = README.md
		TODO.txt = TODO.txt
	EndProjectSection
EndProject
Project("{2150E333-8FDC-42A3-9474-1A3956D46DE8}") = "1-Yotei.Tools", "1-Yotei.Tools", "{57636A0E-4D50-446D-A531-F1A05A4B188F}"
EndProject
Project("{9A19103F-16F7-4668-BE54-9A1E7A4F7556}") = "Yotei.Tools", "1-Yotei.Tools\Yotei.Tools\Yotei.Tools.csproj", "{1D0FA401-9273-4868-897D-592CA21C3ED1}"
EndProject
Project("{9A19103F-16F7-4668-BE54-9A1E7A4F7556}") = "Yotei.Tools.Tests", "1-Yotei.Tools\Yotei.Tools.Tests\Yotei.Tools.Tests.csproj", "{09ED4A91-D269-494C-8C38-9FF8475D4948}"
EndProject
Project("{2150E333-8FDC-42A3-9474-1A3956D46DE8}") = "0-Development", "0-Development", "{1E09FBD3-158C-4A9F-9BBC-52E35D712EB2}"
EndProject
Project("{9A19103F-16F7-4668-BE54-9A1E7A4F7556}") = "Runner", "0-Development\Runner\Runner.csproj", "{EF728DA7-2B0A-4FE1-9ACE-CA1436EBFFF2}"
EndProject
Project("{2150E333-8FDC-42A3-9474-1A3956D46DE8}") = "1-Yotei.Tools.LambdaParser", "1-Yotei.Tools.LambdaParser", "{5D36B9A2-A106-4EF4-893C-5082ECB94BCB}"
EndProject
Project("{FAE04EC0-301F-11D3-BF4B-00C04F79EFBC}") = "Yotei.Tools.LambdaParser", "1-Yotei.Tools.LambdaParser\Yotei.Tools.LambdaParser\Yotei.Tools.LambdaParser.csproj", "{F1B93F0C-237B-4500-8D6F-F305C43DC2D0}"
EndProject
Project("{FAE04EC0-301F-11D3-BF4B-00C04F79EFBC}") = "Yotei.Tools.LambdaParser.Tests", "1-Yotei.Tools.LambdaParser\Yotei.Tools.LambdaParser.Tests\Yotei.Tools.LambdaParser.Tests.csproj", "{ACA5BF90-DFD0-4258-86E6-AED484ED9412}"
EndProject
Global
	GlobalSection(SolutionConfigurationPlatforms) = preSolution
		Debug|Any CPU = Debug|Any CPU
		Local|Any CPU = Local|Any CPU
		Release|Any CPU = Release|Any CPU
	EndGlobalSection
	GlobalSection(ProjectConfigurationPlatforms) = postSolution
		{1D0FA401-9273-4868-897D-592CA21C3ED1}.Debug|Any CPU.ActiveCfg = Debug|Any CPU
		{1D0FA401-9273-4868-897D-592CA21C3ED1}.Debug|Any CPU.Build.0 = Debug|Any CPU
		{1D0FA401-9273-4868-897D-592CA21C3ED1}.Local|Any CPU.ActiveCfg = Local|Any CPU
		{1D0FA401-9273-4868-897D-592CA21C3ED1}.Local|Any CPU.Build.0 = Local|Any CPU
		{1D0FA401-9273-4868-897D-592CA21C3ED1}.Release|Any CPU.ActiveCfg = Release|Any CPU
		{1D0FA401-9273-4868-897D-592CA21C3ED1}.Release|Any CPU.Build.0 = Release|Any CPU
		{09ED4A91-D269-494C-8C38-9FF8475D4948}.Debug|Any CPU.ActiveCfg = Debug|Any CPU
		{09ED4A91-D269-494C-8C38-9FF8475D4948}.Debug|Any CPU.Build.0 = Debug|Any CPU
		{09ED4A91-D269-494C-8C38-9FF8475D4948}.Local|Any CPU.ActiveCfg = Local|Any CPU
		{09ED4A91-D269-494C-8C38-9FF8475D4948}.Local|Any CPU.Build.0 = Local|Any CPU
		{09ED4A91-D269-494C-8C38-9FF8475D4948}.Release|Any CPU.ActiveCfg = Release|Any CPU
		{09ED4A91-D269-494C-8C38-9FF8475D4948}.Release|Any CPU.Build.0 = Release|Any CPU
		{EF728DA7-2B0A-4FE1-9ACE-CA1436EBFFF2}.Debug|Any CPU.ActiveCfg = Debug|Any CPU
		{EF728DA7-2B0A-4FE1-9ACE-CA1436EBFFF2}.Debug|Any CPU.Build.0 = Debug|Any CPU
		{EF728DA7-2B0A-4FE1-9ACE-CA1436EBFFF2}.Local|Any CPU.ActiveCfg = Debug|Any CPU
		{EF728DA7-2B0A-4FE1-9ACE-CA1436EBFFF2}.Local|Any CPU.Build.0 = Debug|Any CPU
		{EF728DA7-2B0A-4FE1-9ACE-CA1436EBFFF2}.Release|Any CPU.ActiveCfg = Release|Any CPU
		{EF728DA7-2B0A-4FE1-9ACE-CA1436EBFFF2}.Release|Any CPU.Build.0 = Release|Any CPU
		{F1B93F0C-237B-4500-8D6F-F305C43DC2D0}.Debug|Any CPU.ActiveCfg = Debug|Any CPU
		{F1B93F0C-237B-4500-8D6F-F305C43DC2D0}.Debug|Any CPU.Build.0 = Debug|Any CPU
		{F1B93F0C-237B-4500-8D6F-F305C43DC2D0}.Local|Any CPU.ActiveCfg = Debug|Any CPU
		{F1B93F0C-237B-4500-8D6F-F305C43DC2D0}.Local|Any CPU.Build.0 = Debug|Any CPU
		{F1B93F0C-237B-4500-8D6F-F305C43DC2D0}.Release|Any CPU.ActiveCfg = Release|Any CPU
		{F1B93F0C-237B-4500-8D6F-F305C43DC2D0}.Release|Any CPU.Build.0 = Release|Any CPU
		{ACA5BF90-DFD0-4258-86E6-AED484ED9412}.Debug|Any CPU.ActiveCfg = Debug|Any CPU
		{ACA5BF90-DFD0-4258-86E6-AED484ED9412}.Debug|Any CPU.Build.0 = Debug|Any CPU
		{ACA5BF90-DFD0-4258-86E6-AED484ED9412}.Local|Any CPU.ActiveCfg = Debug|Any CPU
		{ACA5BF90-DFD0-4258-86E6-AED484ED9412}.Local|Any CPU.Build.0 = Debug|Any CPU
		{ACA5BF90-DFD0-4258-86E6-AED484ED9412}.Release|Any CPU.ActiveCfg = Release|Any CPU
		{ACA5BF90-DFD0-4258-86E6-AED484ED9412}.Release|Any CPU.Build.0 = Release|Any CPU
	EndGlobalSection
	GlobalSection(SolutionProperties) = preSolution
		HideSolutionNode = FALSE
	EndGlobalSection
	GlobalSection(NestedProjects) = preSolution
		{1D0FA401-9273-4868-897D-592CA21C3ED1} = {57636A0E-4D50-446D-A531-F1A05A4B188F}
		{09ED4A91-D269-494C-8C38-9FF8475D4948} = {57636A0E-4D50-446D-A531-F1A05A4B188F}
		{EF728DA7-2B0A-4FE1-9ACE-CA1436EBFFF2} = {1E09FBD3-158C-4A9F-9BBC-52E35D712EB2}
		{F1B93F0C-237B-4500-8D6F-F305C43DC2D0} = {5D36B9A2-A106-4EF4-893C-5082ECB94BCB}
		{ACA5BF90-DFD0-4258-86E6-AED484ED9412} = {5D36B9A2-A106-4EF4-893C-5082ECB94BCB}
	EndGlobalSection
	GlobalSection(ExtensibilityGlobals) = postSolution
		SolutionGuid = {0821CEE0-4168-45F2-B34E-41BD1B7B942E}
	EndGlobalSection
EndGlobal
