
Microsoft Visual Studio Solution File, Format Version 12.00
# Visual Studio Version 17
VisualStudioVersion = 17.7.34031.279
MinimumVisualStudioVersion = 10.0.40219.1
Project("{2150E333-8FDC-42A3-9474-1A3956D46DE8}") = "Solution Items", "Solution Items", "{96422486-DFF5-4114-91AE-51C00E79B18A}"
	ProjectSection(SolutionItems) = preProject
		.gitignore = .gitignore
		LICENSE = LICENSE
		README.md = README.md
		TODO.txt = TODO.txt
	EndProjectSection
EndProject
Project("{2150E333-8FDC-42A3-9474-1A3956D46DE8}") = "1-Yotei.Tools", "1-Yotei.Tools", "{57636A0E-4D50-446D-A531-F1A05A4B188F}"
EndProject
Project("{9A19103F-16F7-4668-BE54-9A1E7A4F7556}") = "Yotei.Tools", "1-Yotei.Tools\Yotei.Tools\Yotei.Tools.csproj", "{1D0FA401-9273-4868-897D-592CA21C3ED1}"
EndProject
Project("{9A19103F-16F7-4668-BE54-9A1E7A4F7556}") = "Yotei.Tools.Tests", "1-Yotei.Tools\Yotei.Tools.Tests\Yotei.Tools.Tests.csproj", "{09ED4A91-D269-494C-8C38-9FF8475D4948}"
EndProject
Project("{2150E333-8FDC-42A3-9474-1A3956D46DE8}") = "0-Development", "0-Development", "{1E09FBD3-158C-4A9F-9BBC-52E35D712EB2}"
EndProject
Project("{9A19103F-16F7-4668-BE54-9A1E7A4F7556}") = "Runner", "0-Development\Runner\Runner.csproj", "{EF728DA7-2B0A-4FE1-9ACE-CA1436EBFFF2}"
EndProject
Project("{2150E333-8FDC-42A3-9474-1A3956D46DE8}") = "0-Experimental", "0-Experimental", "{1090BF1A-0769-48B9-A5EA-B3CEEE2064F0}"
EndProject
Project("{9A19103F-16F7-4668-BE54-9A1E7A4F7556}") = "Experimental", "0-Experimental\Experimental\Experimental.csproj", "{F4113330-A53B-49E9-BD57-14CEAEF34323}"
EndProject
Project("{9A19103F-16F7-4668-BE54-9A1E7A4F7556}") = "Experimental.Tests", "0-Experimental\Experimental.Tests\Experimental.Tests.csproj", "{37F1E0E1-8C4F-4FA0-928A-B774CDC703B3}"
EndProject
Project("{2150E333-8FDC-42A3-9474-1A3956D46DE8}") = "1-Yotei.Tools.Generators", "1-Yotei.Tools.Generators", "{3B2DE0DD-DA65-408C-93F6-ACC145485B66}"
EndProject
Project("{2150E333-8FDC-42A3-9474-1A3956D46DE8}") = "Generators", "Generators", "{57C4D261-733B-47F2-AA8C-F84E1758AF85}"
EndProject
Project("{2150E333-8FDC-42A3-9474-1A3956D46DE8}") = "Helpers", "Helpers", "{9D6637D0-D35D-4069-BE21-AF194DD22BBD}"
EndProject
Project("{D954291E-2A0B-460D-934E-DC6B0785DB48}") = "Yotei.Tools.Generators", "1-Yotei.Tools.Generators\Yotei.Tools.Generators\Yotei.Tools.Generators.shproj", "{C44B049A-2B36-44F0-9683-A8337283A35A}"
EndProject
Project("{9A19103F-16F7-4668-BE54-9A1E7A4F7556}") = "Yotei.Tools.Generators.Wrap", "1-Yotei.Tools.Generators\Yotei.Tools.Generators.Wrap\Yotei.Tools.Generators.Wrap.csproj", "{4FE2C5D1-62DB-4924-B7B0-346DFDEDB091}"
EndProject
Project("{9A19103F-16F7-4668-BE54-9A1E7A4F7556}") = "Yotei.Tools.WithGenerator", "1-Yotei.Tools.Generators\Yotei.Tools.WithGenerator\Yotei.Tools.WithGenerator.csproj", "{D460A877-60B3-49BB-AE34-71687610F2CE}"
EndProject
Project("{9A19103F-16F7-4668-BE54-9A1E7A4F7556}") = "Yotei.Tools.Generators.WrapTests", "1-Yotei.Tools.Generators\Yotei.Tools.Generators.WrapTests\Yotei.Tools.Generators.WrapTests.csproj", "{F4F5E26F-71A1-410B-9F0F-4A50FDA291CA}"
EndProject
Project("{9A19103F-16F7-4668-BE54-9A1E7A4F7556}") = "Yotei.Tools.Generators.Tests", "1-Yotei.Tools.Generators\Yotei.Tools.Generators.Tests\Yotei.Tools.Generators.Tests.csproj", "{B7A00641-6C68-4FCB-B1F1-A46212D71457}"
EndProject
Project("{FAE04EC0-301F-11D3-BF4B-00C04F79EFBC}") = "Yotei.Tools.CloneGenerator", "1-Yotei.Tools.Generators\Yotei.Tools.CloneGenerator\Yotei.Tools.CloneGenerator.csproj", "{E6BA6B5D-C753-45DA-AFC5-374D2BE6AB62}"
EndProject
Global
	GlobalSection(SolutionConfigurationPlatforms) = preSolution
		Debug|Any CPU = Debug|Any CPU
		Local|Any CPU = Local|Any CPU
		Release|Any CPU = Release|Any CPU
	EndGlobalSection
	GlobalSection(ProjectConfigurationPlatforms) = postSolution
		{1D0FA401-9273-4868-897D-592CA21C3ED1}.Debug|Any CPU.ActiveCfg = Debug|Any CPU
		{1D0FA401-9273-4868-897D-592CA21C3ED1}.Debug|Any CPU.Build.0 = Debug|Any CPU
		{1D0FA401-9273-4868-897D-592CA21C3ED1}.Local|Any CPU.ActiveCfg = Local|Any CPU
		{1D0FA401-9273-4868-897D-592CA21C3ED1}.Local|Any CPU.Build.0 = Local|Any CPU
		{1D0FA401-9273-4868-897D-592CA21C3ED1}.Release|Any CPU.ActiveCfg = Release|Any CPU
		{1D0FA401-9273-4868-897D-592CA21C3ED1}.Release|Any CPU.Build.0 = Release|Any CPU
		{09ED4A91-D269-494C-8C38-9FF8475D4948}.Debug|Any CPU.ActiveCfg = Debug|Any CPU
		{09ED4A91-D269-494C-8C38-9FF8475D4948}.Debug|Any CPU.Build.0 = Debug|Any CPU
		{09ED4A91-D269-494C-8C38-9FF8475D4948}.Local|Any CPU.ActiveCfg = Local|Any CPU
		{09ED4A91-D269-494C-8C38-9FF8475D4948}.Local|Any CPU.Build.0 = Local|Any CPU
		{09ED4A91-D269-494C-8C38-9FF8475D4948}.Release|Any CPU.ActiveCfg = Release|Any CPU
		{09ED4A91-D269-494C-8C38-9FF8475D4948}.Release|Any CPU.Build.0 = Release|Any CPU
		{EF728DA7-2B0A-4FE1-9ACE-CA1436EBFFF2}.Debug|Any CPU.ActiveCfg = Debug|Any CPU
		{EF728DA7-2B0A-4FE1-9ACE-CA1436EBFFF2}.Debug|Any CPU.Build.0 = Debug|Any CPU
		{EF728DA7-2B0A-4FE1-9ACE-CA1436EBFFF2}.Local|Any CPU.ActiveCfg = Local|Any CPU
		{EF728DA7-2B0A-4FE1-9ACE-CA1436EBFFF2}.Local|Any CPU.Build.0 = Local|Any CPU
		{EF728DA7-2B0A-4FE1-9ACE-CA1436EBFFF2}.Release|Any CPU.ActiveCfg = Release|Any CPU
		{EF728DA7-2B0A-4FE1-9ACE-CA1436EBFFF2}.Release|Any CPU.Build.0 = Release|Any CPU
		{F4113330-A53B-49E9-BD57-14CEAEF34323}.Debug|Any CPU.ActiveCfg = Debug|Any CPU
		{F4113330-A53B-49E9-BD57-14CEAEF34323}.Debug|Any CPU.Build.0 = Debug|Any CPU
		{F4113330-A53B-49E9-BD57-14CEAEF34323}.Local|Any CPU.ActiveCfg = Local|Any CPU
		{F4113330-A53B-49E9-BD57-14CEAEF34323}.Local|Any CPU.Build.0 = Local|Any CPU
		{F4113330-A53B-49E9-BD57-14CEAEF34323}.Release|Any CPU.ActiveCfg = Release|Any CPU
		{F4113330-A53B-49E9-BD57-14CEAEF34323}.Release|Any CPU.Build.0 = Release|Any CPU
		{37F1E0E1-8C4F-4FA0-928A-B774CDC703B3}.Debug|Any CPU.ActiveCfg = Debug|Any CPU
		{37F1E0E1-8C4F-4FA0-928A-B774CDC703B3}.Debug|Any CPU.Build.0 = Debug|Any CPU
		{37F1E0E1-8C4F-4FA0-928A-B774CDC703B3}.Local|Any CPU.ActiveCfg = Local|Any CPU
		{37F1E0E1-8C4F-4FA0-928A-B774CDC703B3}.Local|Any CPU.Build.0 = Local|Any CPU
		{37F1E0E1-8C4F-4FA0-928A-B774CDC703B3}.Release|Any CPU.ActiveCfg = Release|Any CPU
		{37F1E0E1-8C4F-4FA0-928A-B774CDC703B3}.Release|Any CPU.Build.0 = Release|Any CPU
		{4FE2C5D1-62DB-4924-B7B0-346DFDEDB091}.Debug|Any CPU.ActiveCfg = Debug|Any CPU
		{4FE2C5D1-62DB-4924-B7B0-346DFDEDB091}.Debug|Any CPU.Build.0 = Debug|Any CPU
		{4FE2C5D1-62DB-4924-B7B0-346DFDEDB091}.Local|Any CPU.ActiveCfg = Local|Any CPU
		{4FE2C5D1-62DB-4924-B7B0-346DFDEDB091}.Local|Any CPU.Build.0 = Local|Any CPU
		{4FE2C5D1-62DB-4924-B7B0-346DFDEDB091}.Release|Any CPU.ActiveCfg = Release|Any CPU
		{4FE2C5D1-62DB-4924-B7B0-346DFDEDB091}.Release|Any CPU.Build.0 = Release|Any CPU
		{D460A877-60B3-49BB-AE34-71687610F2CE}.Debug|Any CPU.ActiveCfg = Debug|Any CPU
		{D460A877-60B3-49BB-AE34-71687610F2CE}.Debug|Any CPU.Build.0 = Debug|Any CPU
		{D460A877-60B3-49BB-AE34-71687610F2CE}.Local|Any CPU.ActiveCfg = Debug|Any CPU
		{D460A877-60B3-49BB-AE34-71687610F2CE}.Local|Any CPU.Build.0 = Debug|Any CPU
		{D460A877-60B3-49BB-AE34-71687610F2CE}.Release|Any CPU.ActiveCfg = Release|Any CPU
		{D460A877-60B3-49BB-AE34-71687610F2CE}.Release|Any CPU.Build.0 = Release|Any CPU
		{F4F5E26F-71A1-410B-9F0F-4A50FDA291CA}.Debug|Any CPU.ActiveCfg = Debug|Any CPU
		{F4F5E26F-71A1-410B-9F0F-4A50FDA291CA}.Debug|Any CPU.Build.0 = Debug|Any CPU
		{F4F5E26F-71A1-410B-9F0F-4A50FDA291CA}.Local|Any CPU.ActiveCfg = Debug|Any CPU
		{F4F5E26F-71A1-410B-9F0F-4A50FDA291CA}.Local|Any CPU.Build.0 = Debug|Any CPU
		{F4F5E26F-71A1-410B-9F0F-4A50FDA291CA}.Release|Any CPU.ActiveCfg = Release|Any CPU
		{F4F5E26F-71A1-410B-9F0F-4A50FDA291CA}.Release|Any CPU.Build.0 = Release|Any CPU
		{B7A00641-6C68-4FCB-B1F1-A46212D71457}.Debug|Any CPU.ActiveCfg = Debug|Any CPU
		{B7A00641-6C68-4FCB-B1F1-A46212D71457}.Debug|Any CPU.Build.0 = Debug|Any CPU
		{B7A00641-6C68-4FCB-B1F1-A46212D71457}.Local|Any CPU.ActiveCfg = Debug|Any CPU
		{B7A00641-6C68-4FCB-B1F1-A46212D71457}.Local|Any CPU.Build.0 = Debug|Any CPU
		{B7A00641-6C68-4FCB-B1F1-A46212D71457}.Release|Any CPU.ActiveCfg = Release|Any CPU
		{B7A00641-6C68-4FCB-B1F1-A46212D71457}.Release|Any CPU.Build.0 = Release|Any CPU
		{E6BA6B5D-C753-45DA-AFC5-374D2BE6AB62}.Debug|Any CPU.ActiveCfg = Debug|Any CPU
		{E6BA6B5D-C753-45DA-AFC5-374D2BE6AB62}.Debug|Any CPU.Build.0 = Debug|Any CPU
		{E6BA6B5D-C753-45DA-AFC5-374D2BE6AB62}.Local|Any CPU.ActiveCfg = Debug|Any CPU
		{E6BA6B5D-C753-45DA-AFC5-374D2BE6AB62}.Local|Any CPU.Build.0 = Debug|Any CPU
		{E6BA6B5D-C753-45DA-AFC5-374D2BE6AB62}.Release|Any CPU.ActiveCfg = Release|Any CPU
		{E6BA6B5D-C753-45DA-AFC5-374D2BE6AB62}.Release|Any CPU.Build.0 = Release|Any CPU
	EndGlobalSection
	GlobalSection(SolutionProperties) = preSolution
		HideSolutionNode = FALSE
	EndGlobalSection
	GlobalSection(NestedProjects) = preSolution
		{1D0FA401-9273-4868-897D-592CA21C3ED1} = {57636A0E-4D50-446D-A531-F1A05A4B188F}
		{09ED4A91-D269-494C-8C38-9FF8475D4948} = {57636A0E-4D50-446D-A531-F1A05A4B188F}
		{EF728DA7-2B0A-4FE1-9ACE-CA1436EBFFF2} = {1E09FBD3-158C-4A9F-9BBC-52E35D712EB2}
		{F4113330-A53B-49E9-BD57-14CEAEF34323} = {1090BF1A-0769-48B9-A5EA-B3CEEE2064F0}
		{37F1E0E1-8C4F-4FA0-928A-B774CDC703B3} = {1090BF1A-0769-48B9-A5EA-B3CEEE2064F0}
		{57C4D261-733B-47F2-AA8C-F84E1758AF85} = {3B2DE0DD-DA65-408C-93F6-ACC145485B66}
		{9D6637D0-D35D-4069-BE21-AF194DD22BBD} = {3B2DE0DD-DA65-408C-93F6-ACC145485B66}
		{C44B049A-2B36-44F0-9683-A8337283A35A} = {9D6637D0-D35D-4069-BE21-AF194DD22BBD}
		{4FE2C5D1-62DB-4924-B7B0-346DFDEDB091} = {9D6637D0-D35D-4069-BE21-AF194DD22BBD}
		{D460A877-60B3-49BB-AE34-71687610F2CE} = {57C4D261-733B-47F2-AA8C-F84E1758AF85}
		{F4F5E26F-71A1-410B-9F0F-4A50FDA291CA} = {9D6637D0-D35D-4069-BE21-AF194DD22BBD}
		{B7A00641-6C68-4FCB-B1F1-A46212D71457} = {9D6637D0-D35D-4069-BE21-AF194DD22BBD}
		{E6BA6B5D-C753-45DA-AFC5-374D2BE6AB62} = {57C4D261-733B-47F2-AA8C-F84E1758AF85}
	EndGlobalSection
	GlobalSection(ExtensibilityGlobals) = postSolution
		SolutionGuid = {0821CEE0-4168-45F2-B34E-41BD1B7B942E}
	EndGlobalSection
	GlobalSection(SharedMSBuildProjectFiles) = preSolution
		1-Yotei.Tools.Generators\Yotei.Tools.Generators\Yotei.Tools.Generators.projitems*{4fe2c5d1-62db-4924-b7b0-346dfdedb091}*SharedItemsImports = 5
		1-Yotei.Tools.Generators\Yotei.Tools.Generators\Yotei.Tools.Generators.projitems*{c44b049a-2b36-44f0-9683-a8337283a35a}*SharedItemsImports = 13
		1-Yotei.Tools.Generators\Yotei.Tools.Generators\Yotei.Tools.Generators.projitems*{d460a877-60b3-49bb-ae34-71687610f2ce}*SharedItemsImports = 5
		1-Yotei.Tools.Generators\Yotei.Tools.Generators\Yotei.Tools.Generators.projitems*{e6ba6b5d-c753-45da-afc5-374d2be6ab62}*SharedItemsImports = 5
		1-Yotei.Tools.Generators\Yotei.Tools.Generators\Yotei.Tools.Generators.projitems*{f4f5e26f-71a1-410b-9f0f-4a50fda291ca}*SharedItemsImports = 5
	EndGlobalSection
EndGlobal
